
Microsoft Visual Studio Solution File, Format Version 12.00
# Visual Studio Version 17
VisualStudioVersion = 17.13.35931.197
MinimumVisualStudioVersion = 10.0.40219.1
Project("{FAE04EC0-301F-11D3-BF4B-00C04F79EFBC}") = "Blockchain.Core", "Blockchain.Core\Blockchain.Core.csproj", "{1CE12CF3-5DF0-442E-9838-15AFFC3FC45C}"
EndProject
Project("{FAE04EC0-301F-11D3-BF4B-00C04F79EFBC}") = "Blockchain.Node", "Blockchain.Node\Blockchain.Node.csproj", "{64671134-443B-4E9B-9386-54F8759FB07F}"
EndProject
Project("{FAE04EC0-301F-11D3-BF4B-00C04F79EFBC}") = "Blockchain.UI", "Blockchain.UI\Blockchain.UI.csproj", "{7DEA105E-3977-486C-8172-F79DBAF4542B}"
EndProject
Project("{FAE04EC0-301F-11D3-BF4B-00C04F79EFBC}") = "BlockChain.GitHook", "BlockChain.GitHook\BlockChain.GitHook.csproj", "{C0E31E96-C0AB-75B6-1DF9-CF772F37F878}"
EndProject
Project("{FAE04EC0-301F-11D3-BF4B-00C04F79EFBC}") = "Blockchain.Tests", "Blockchain.Tests\Blockchain.Tests.csproj", "{7B3E05EA-5B7B-49E3-8632-CE30B38B4B53}"
EndProject
Project("{FAE04EC0-301F-11D3-BF4B-00C04F79EFBC}") = "Blockchain.UI.Tests", "Blockchain.UI.Tests\Blockchain.UI.Tests.csproj", "{A733C138-7EF2-4876-9FF3-6D2C8810BBC8}"
EndProject
Project("{FAE04EC0-301F-11D3-BF4B-00C04F79EFBC}") = "Blockchain.Application", "Blockchain.Application\Blockchain.Application.csproj", "{9D769967-7A85-4DA9-A5A5-8A2BCC2F7610}"
EndProject
Project("{FAE04EC0-301F-11D3-BF4B-00C04F79EFBC}") = "Blockchain.Infrastructure", "Blockchain.Infrastructure\Blockchain.Infrastructure.csproj", "{38520274-47FA-46A9-8D47-CAA77E91DFA6}"
EndProject
Global
	GlobalSection(SolutionConfigurationPlatforms) = preSolution
		Debug|Any CPU = Debug|Any CPU
		Debug|x64 = Debug|x64
		Debug|x86 = Debug|x86
		Release|Any CPU = Release|Any CPU
		Release|x64 = Release|x64
		Release|x86 = Release|x86
	EndGlobalSection
	GlobalSection(ProjectConfigurationPlatforms) = postSolution
		{1CE12CF3-5DF0-442E-9838-15AFFC3FC45C}.Debug|Any CPU.ActiveCfg = Debug|Any CPU
		{1CE12CF3-5DF0-442E-9838-15AFFC3FC45C}.Debug|Any CPU.Build.0 = Debug|Any CPU
		{1CE12CF3-5DF0-442E-9838-15AFFC3FC45C}.Debug|x64.ActiveCfg = Debug|Any CPU
		{1CE12CF3-5DF0-442E-9838-15AFFC3FC45C}.Debug|x64.Build.0 = Debug|Any CPU
		{1CE12CF3-5DF0-442E-9838-15AFFC3FC45C}.Debug|x86.ActiveCfg = Debug|Any CPU
		{1CE12CF3-5DF0-442E-9838-15AFFC3FC45C}.Debug|x86.Build.0 = Debug|Any CPU
		{1CE12CF3-5DF0-442E-9838-15AFFC3FC45C}.Release|Any CPU.ActiveCfg = Release|Any CPU
		{1CE12CF3-5DF0-442E-9838-15AFFC3FC45C}.Release|Any CPU.Build.0 = Release|Any CPU
		{1CE12CF3-5DF0-442E-9838-15AFFC3FC45C}.Release|x64.ActiveCfg = Release|Any CPU
		{1CE12CF3-5DF0-442E-9838-15AFFC3FC45C}.Release|x64.Build.0 = Release|Any CPU
		{1CE12CF3-5DF0-442E-9838-15AFFC3FC45C}.Release|x86.ActiveCfg = Release|Any CPU
		{1CE12CF3-5DF0-442E-9838-15AFFC3FC45C}.Release|x86.Build.0 = Release|Any CPU
		{64671134-443B-4E9B-9386-54F8759FB07F}.Debug|Any CPU.ActiveCfg = Debug|Any CPU
		{64671134-443B-4E9B-9386-54F8759FB07F}.Debug|Any CPU.Build.0 = Debug|Any CPU
		{64671134-443B-4E9B-9386-54F8759FB07F}.Debug|x64.ActiveCfg = Debug|Any CPU
		{64671134-443B-4E9B-9386-54F8759FB07F}.Debug|x64.Build.0 = Debug|Any CPU
		{64671134-443B-4E9B-9386-54F8759FB07F}.Debug|x86.ActiveCfg = Debug|Any CPU
		{64671134-443B-4E9B-9386-54F8759FB07F}.Debug|x86.Build.0 = Debug|Any CPU
		{64671134-443B-4E9B-9386-54F8759FB07F}.Release|Any CPU.ActiveCfg = Release|Any CPU
		{64671134-443B-4E9B-9386-54F8759FB07F}.Release|Any CPU.Build.0 = Release|Any CPU
		{64671134-443B-4E9B-9386-54F8759FB07F}.Release|x64.ActiveCfg = Release|Any CPU
		{64671134-443B-4E9B-9386-54F8759FB07F}.Release|x64.Build.0 = Release|Any CPU
		{64671134-443B-4E9B-9386-54F8759FB07F}.Release|x86.ActiveCfg = Release|Any CPU
		{64671134-443B-4E9B-9386-54F8759FB07F}.Release|x86.Build.0 = Release|Any CPU
		{7DEA105E-3977-486C-8172-F79DBAF4542B}.Debug|Any CPU.ActiveCfg = Debug|Any CPU
		{7DEA105E-3977-486C-8172-F79DBAF4542B}.Debug|Any CPU.Build.0 = Debug|Any CPU
		{7DEA105E-3977-486C-8172-F79DBAF4542B}.Debug|x64.ActiveCfg = Debug|Any CPU
		{7DEA105E-3977-486C-8172-F79DBAF4542B}.Debug|x64.Build.0 = Debug|Any CPU
		{7DEA105E-3977-486C-8172-F79DBAF4542B}.Debug|x86.ActiveCfg = Debug|Any CPU
		{7DEA105E-3977-486C-8172-F79DBAF4542B}.Debug|x86.Build.0 = Debug|Any CPU
		{7DEA105E-3977-486C-8172-F79DBAF4542B}.Release|Any CPU.ActiveCfg = Release|Any CPU
		{7DEA105E-3977-486C-8172-F79DBAF4542B}.Release|Any CPU.Build.0 = Release|Any CPU
		{7DEA105E-3977-486C-8172-F79DBAF4542B}.Release|x64.ActiveCfg = Release|Any CPU
		{7DEA105E-3977-486C-8172-F79DBAF4542B}.Release|x64.Build.0 = Release|Any CPU
		{7DEA105E-3977-486C-8172-F79DBAF4542B}.Release|x86.ActiveCfg = Release|Any CPU
		{7DEA105E-3977-486C-8172-F79DBAF4542B}.Release|x86.Build.0 = Release|Any CPU
		{C0E31E96-C0AB-75B6-1DF9-CF772F37F878}.Debug|Any CPU.ActiveCfg = Debug|Any CPU
		{C0E31E96-C0AB-75B6-1DF9-CF772F37F878}.Debug|Any CPU.Build.0 = Debug|Any CPU
		{C0E31E96-C0AB-75B6-1DF9-CF772F37F878}.Debug|x64.ActiveCfg = Debug|Any CPU
		{C0E31E96-C0AB-75B6-1DF9-CF772F37F878}.Debug|x64.Build.0 = Debug|Any CPU
		{C0E31E96-C0AB-75B6-1DF9-CF772F37F878}.Debug|x86.ActiveCfg = Debug|Any CPU
		{C0E31E96-C0AB-75B6-1DF9-CF772F37F878}.Debug|x86.Build.0 = Debug|Any CPU
		{C0E31E96-C0AB-75B6-1DF9-CF772F37F878}.Release|Any CPU.ActiveCfg = Release|Any CPU
		{C0E31E96-C0AB-75B6-1DF9-CF772F37F878}.Release|Any CPU.Build.0 = Release|Any CPU
		{C0E31E96-C0AB-75B6-1DF9-CF772F37F878}.Release|x64.ActiveCfg = Release|Any CPU
		{C0E31E96-C0AB-75B6-1DF9-CF772F37F878}.Release|x64.Build.0 = Release|Any CPU
		{C0E31E96-C0AB-75B6-1DF9-CF772F37F878}.Release|x86.ActiveCfg = Release|Any CPU
		{C0E31E96-C0AB-75B6-1DF9-CF772F37F878}.Release|x86.Build.0 = Release|Any CPU
		{7B3E05EA-5B7B-49E3-8632-CE30B38B4B53}.Debug|Any CPU.ActiveCfg = Debug|Any CPU
		{7B3E05EA-5B7B-49E3-8632-CE30B38B4B53}.Debug|Any CPU.Build.0 = Debug|Any CPU
		{7B3E05EA-5B7B-49E3-8632-CE30B38B4B53}.Debug|x64.ActiveCfg = Debug|Any CPU
		{7B3E05EA-5B7B-49E3-8632-CE30B38B4B53}.Debug|x64.Build.0 = Debug|Any CPU
		{7B3E05EA-5B7B-49E3-8632-CE30B38B4B53}.Debug|x86.ActiveCfg = Debug|Any CPU
		{7B3E05EA-5B7B-49E3-8632-CE30B38B4B53}.Debug|x86.Build.0 = Debug|Any CPU
		{7B3E05EA-5B7B-49E3-8632-CE30B38B4B53}.Release|Any CPU.ActiveCfg = Release|Any CPU
		{7B3E05EA-5B7B-49E3-8632-CE30B38B4B53}.Release|Any CPU.Build.0 = Release|Any CPU
		{7B3E05EA-5B7B-49E3-8632-CE30B38B4B53}.Release|x64.ActiveCfg = Release|Any CPU
		{7B3E05EA-5B7B-49E3-8632-CE30B38B4B53}.Release|x64.Build.0 = Release|Any CPU
		{7B3E05EA-5B7B-49E3-8632-CE30B38B4B53}.Release|x86.ActiveCfg = Release|Any CPU
		{7B3E05EA-5B7B-49E3-8632-CE30B38B4B53}.Release|x86.Build.0 = Release|Any CPU
		{A733C138-7EF2-4876-9FF3-6D2C8810BBC8}.Debug|Any CPU.ActiveCfg = Debug|Any CPU
		{A733C138-7EF2-4876-9FF3-6D2C8810BBC8}.Debug|Any CPU.Build.0 = Debug|Any CPU
		{A733C138-7EF2-4876-9FF3-6D2C8810BBC8}.Debug|x64.ActiveCfg = Debug|Any CPU
		{A733C138-7EF2-4876-9FF3-6D2C8810BBC8}.Debug|x64.Build.0 = Debug|Any CPU
		{A733C138-7EF2-4876-9FF3-6D2C8810BBC8}.Debug|x86.ActiveCfg = Debug|Any CPU
		{A733C138-7EF2-4876-9FF3-6D2C8810BBC8}.Debug|x86.Build.0 = Debug|Any CPU
		{A733C138-7EF2-4876-9FF3-6D2C8810BBC8}.Release|Any CPU.ActiveCfg = Release|Any CPU
		{A733C138-7EF2-4876-9FF3-6D2C8810BBC8}.Release|Any CPU.Build.0 = Release|Any CPU
		{A733C138-7EF2-4876-9FF3-6D2C8810BBC8}.Release|x64.ActiveCfg = Release|Any CPU
		{A733C138-7EF2-4876-9FF3-6D2C8810BBC8}.Release|x64.Build.0 = Release|Any CPU
		{A733C138-7EF2-4876-9FF3-6D2C8810BBC8}.Release|x86.ActiveCfg = Release|Any CPU
		{A733C138-7EF2-4876-9FF3-6D2C8810BBC8}.Release|x86.Build.0 = Release|Any CPU
		{9D769967-7A85-4DA9-A5A5-8A2BCC2F7610}.Debug|Any CPU.ActiveCfg = Debug|Any CPU
		{9D769967-7A85-4DA9-A5A5-8A2BCC2F7610}.Debug|Any CPU.Build.0 = Debug|Any CPU
		{9D769967-7A85-4DA9-A5A5-8A2BCC2F7610}.Debug|x64.ActiveCfg = Debug|Any CPU
		{9D769967-7A85-4DA9-A5A5-8A2BCC2F7610}.Debug|x64.Build.0 = Debug|Any CPU
		{9D769967-7A85-4DA9-A5A5-8A2BCC2F7610}.Debug|x86.ActiveCfg = Debug|Any CPU
		{9D769967-7A85-4DA9-A5A5-8A2BCC2F7610}.Debug|x86.Build.0 = Debug|Any CPU
		{9D769967-7A85-4DA9-A5A5-8A2BCC2F7610}.Release|Any CPU.ActiveCfg = Release|Any CPU
		{9D769967-7A85-4DA9-A5A5-8A2BCC2F7610}.Release|Any CPU.Build.0 = Release|Any CPU
		{9D769967-7A85-4DA9-A5A5-8A2BCC2F7610}.Release|x64.ActiveCfg = Release|Any CPU
		{9D769967-7A85-4DA9-A5A5-8A2BCC2F7610}.Release|x64.Build.0 = Release|Any CPU
		{9D769967-7A85-4DA9-A5A5-8A2BCC2F7610}.Release|x86.ActiveCfg = Release|Any CPU
		{9D769967-7A85-4DA9-A5A5-8A2BCC2F7610}.Release|x86.Build.0 = Release|Any CPU
		{38520274-47FA-46A9-8D47-CAA77E91DFA6}.Debug|Any CPU.ActiveCfg = Debug|Any CPU
		{38520274-47FA-46A9-8D47-CAA77E91DFA6}.Debug|Any CPU.Build.0 = Debug|Any CPU
		{38520274-47FA-46A9-8D47-CAA77E91DFA6}.Debug|x64.ActiveCfg = Debug|Any CPU
		{38520274-47FA-46A9-8D47-CAA77E91DFA6}.Debug|x64.Build.0 = Debug|Any CPU
		{38520274-47FA-46A9-8D47-CAA77E91DFA6}.Debug|x86.ActiveCfg = Debug|Any CPU
		{38520274-47FA-46A9-8D47-CAA77E91DFA6}.Debug|x86.Build.0 = Debug|Any CPU
		{38520274-47FA-46A9-8D47-CAA77E91DFA6}.Release|Any CPU.ActiveCfg = Release|Any CPU
		{38520274-47FA-46A9-8D47-CAA77E91DFA6}.Release|Any CPU.Build.0 = Release|Any CPU
		{38520274-47FA-46A9-8D47-CAA77E91DFA6}.Release|x64.ActiveCfg = Release|Any CPU
		{38520274-47FA-46A9-8D47-CAA77E91DFA6}.Release|x64.Build.0 = Release|Any CPU
		{38520274-47FA-46A9-8D47-CAA77E91DFA6}.Release|x86.ActiveCfg = Release|Any CPU
		{38520274-47FA-46A9-8D47-CAA77E91DFA6}.Release|x86.Build.0 = Release|Any CPU
	EndGlobalSection
	GlobalSection(SolutionProperties) = preSolution
		HideSolutionNode = FALSE
	EndGlobalSection
	GlobalSection(ExtensibilityGlobals) = postSolution
		SolutionGuid = {F68A3F28-91B5-41FC-A8F3-48626E298546}
	EndGlobalSection
EndGlobal
